
Microsoft Visual Studio Solution File, Format Version 12.00
# Visual Studio 15
VisualStudioVersion = 15.0.27130.2010
MinimumVisualStudioVersion = 10.0.40219.1
Project("{FAE04EC0-301F-11D3-BF4B-00C04F79EFBC}") = "HtmlToPdf.AzureFunctions.Linux", "HtmlToPdf.AzureFunctions.Linux\HtmlToPdf.AzureFunctions.Linux.csproj", "{52530775-5DBB-49D2-A1C6-C4F08DECA142}"
EndProject
Global
	GlobalSection(SolutionConfigurationPlatforms) = preSolution
		Debug|Any CPU = Debug|Any CPU
		Release|Any CPU = Release|Any CPU
	EndGlobalSection
	GlobalSection(ProjectConfigurationPlatforms) = postSolution
		{52530775-5DBB-49D2-A1C6-C4F08DECA142}.Debug|Any CPU.ActiveCfg = Debug|Any CPU
		{52530775-5DBB-49D2-A1C6-C4F08DECA142}.Debug|Any CPU.Build.0 = Debug|Any CPU
		{52530775-5DBB-49D2-A1C6-C4F08DECA142}.Release|Any CPU.ActiveCfg = Release|Any CPU
		{52530775-5DBB-49D2-A1C6-C4F08DECA142}.Release|Any CPU.Build.0 = Release|Any CPU
	EndGlobalSection
	GlobalSection(SolutionProperties) = preSolution
		HideSolutionNode = FALSE
	EndGlobalSection
	GlobalSection(ExtensibilityGlobals) = postSolution
		SolutionGuid = {E5D5294B-F018-40AF-9461-0451CA660140}
	EndGlobalSection
EndGlobal
